
Microsoft Visual Studio Solution File, Format Version 12.00
# Visual Studio Version 17
VisualStudioVersion = 17.4.33122.133
MinimumVisualStudioVersion = 10.0.40219.1
Project("{9A19103F-16F7-4668-BE54-9A1E7A4F7556}") = "Singleton", "DesignPatterns\Singleton.csproj", "{A42AEE44-0FA6-4B89-8062-0F6CEB3B0F73}"
EndProject
Project("{2150E333-8FDC-42A3-9474-1A3956D46DE8}") = "Creational", "Creational", "{350CD469-0F3F-44BC-9D5F-1C4B3FC687A0}"
EndProject
Project("{2150E333-8FDC-42A3-9474-1A3956D46DE8}") = "1- Singleton", "1- Singleton", "{9D38B5CE-DF97-463E-8668-C466A9D828B6}"
EndProject
Project("{2150E333-8FDC-42A3-9474-1A3956D46DE8}") = "2- Factory Method", "2- Factory Method", "{E31926F2-5954-41C6-854B-AB45A0B936DE}"
EndProject
Project("{9A19103F-16F7-4668-BE54-9A1E7A4F7556}") = "FactoryMethod", "FactoryMethod\FactoryMethod.csproj", "{FA5B81F8-0FD9-4295-B504-D496F4580796}"
EndProject
Project("{2150E333-8FDC-42A3-9474-1A3956D46DE8}") = "3- Abstract Factory", "3- Abstract Factory", "{85E99BD6-9BE0-4024-ABD4-D458D4059621}"
EndProject
Project("{9A19103F-16F7-4668-BE54-9A1E7A4F7556}") = "AbstractFactory", "AbstractFactory\AbstractFactory.csproj", "{BD2DD51B-84B9-43C9-AD22-79C9891E6C9D}"
EndProject
Project("{2150E333-8FDC-42A3-9474-1A3956D46DE8}") = "4- Builder", "4- Builder", "{D75EAA16-23ED-455C-BC0A-33CD8453E3A6}"
EndProject
Project("{9A19103F-16F7-4668-BE54-9A1E7A4F7556}") = "Builder", "Builder\Builder.csproj", "{6EB71E2B-6A54-48DA-9528-CF4E7A1981CF}"
EndProject
Project("{2150E333-8FDC-42A3-9474-1A3956D46DE8}") = "5- ProtoType", "5- ProtoType", "{4EF889F8-D5FB-4F7B-87BA-17C5F68C560A}"
EndProject
Project("{9A19103F-16F7-4668-BE54-9A1E7A4F7556}") = "Prototype", "Prototype\Prototype.csproj", "{98993934-799D-42BD-A0E4-0A6C0CAF3970}"
EndProject
Project("{2150E333-8FDC-42A3-9474-1A3956D46DE8}") = "Structural", "Structural", "{E7FB98E5-B812-4B2E-9FB7-D035C8CB632B}"
EndProject
Project("{2150E333-8FDC-42A3-9474-1A3956D46DE8}") = "1- Proxy", "1- Proxy", "{17235ECE-9621-4823-8005-DB6E203B72FF}"
EndProject
Project("{9A19103F-16F7-4668-BE54-9A1E7A4F7556}") = "Proxy", "ProxyPattern\Proxy.csproj", "{C090FE42-00CC-45AB-B792-679EB2D2A08D}"
EndProject
Project("{2150E333-8FDC-42A3-9474-1A3956D46DE8}") = "2- Decorator", "2- Decorator", "{D3029234-FD39-47AA-BF3D-645BBE73F318}"
EndProject
Project("{9A19103F-16F7-4668-BE54-9A1E7A4F7556}") = "Decorator", "DecoratorPattern\Decorator.csproj", "{625B1038-B3A9-449E-9B86-9F785F8A27A2}"
EndProject
Project("{2150E333-8FDC-42A3-9474-1A3956D46DE8}") = "3- Adapter", "3- Adapter", "{56B70D82-F478-49DE-8626-FFD0AD048D85}"
EndProject
Project("{9A19103F-16F7-4668-BE54-9A1E7A4F7556}") = "Adapter", "Adapter\Adapter.csproj", "{8552804E-E4CC-4D74-8AF0-4785B0DC3DEF}"
EndProject
Project("{2150E333-8FDC-42A3-9474-1A3956D46DE8}") = "4- Facade", "4- Facade", "{3A305C1E-DFB5-4990-8EBA-8689CB6BF6E7}"
EndProject
Project("{9A19103F-16F7-4668-BE54-9A1E7A4F7556}") = "Facade", "Facade\Facade.csproj", "{03989079-D636-48B9-9B2C-78C8E35FEC50}"
EndProject
Project("{2150E333-8FDC-42A3-9474-1A3956D46DE8}") = "5- Flyweight", "5- Flyweight", "{16763234-5BBC-4F59-8A9A-6C224C1D38A2}"
EndProject
Project("{9A19103F-16F7-4668-BE54-9A1E7A4F7556}") = "Flyweight", "Flyweight\Flyweight.csproj", "{2E3F782B-B9F1-434C-8A7E-61FFDD72EBDD}"
EndProject
Project("{2150E333-8FDC-42A3-9474-1A3956D46DE8}") = "Behavioral", "Behavioral", "{487CDA71-1435-4F80-A768-CC6E265A0257}"
EndProject
Project("{2150E333-8FDC-42A3-9474-1A3956D46DE8}") = "01- CoR", "01- CoR", "{64F9ED64-7676-4CB3-8F24-D30C9A4A4713}"
EndProject
Project("{9A19103F-16F7-4668-BE54-9A1E7A4F7556}") = "CoR", "CoR\CoR.csproj", "{BC609E00-290B-4582-B40D-62B0152BA5B7}"
EndProject
Project("{2150E333-8FDC-42A3-9474-1A3956D46DE8}") = "02- Template", "02- Template", "{7B1942EF-EE4F-4706-BB11-322DC0FB843C}"
EndProject
Project("{9A19103F-16F7-4668-BE54-9A1E7A4F7556}") = "Template", "Template\Template.csproj", "{30E22AC8-7FB0-4EF1-9326-6578E8AF01FF}"
EndProject
Project("{2150E333-8FDC-42A3-9474-1A3956D46DE8}") = "03- Command", "03- Command", "{65A276F2-F75B-4710-B9D8-DFC04CEC7122}"
EndProject
Project("{9A19103F-16F7-4668-BE54-9A1E7A4F7556}") = "Command", "Command\Command.csproj", "{283B9B5A-44BD-440A-8594-C36313D7F6F8}"
EndProject
Project("{2150E333-8FDC-42A3-9474-1A3956D46DE8}") = "04- Memento", "04- Memento", "{E55E2FA8-6E95-4B1D-8244-7372910C6262}"
EndProject
Project("{9A19103F-16F7-4668-BE54-9A1E7A4F7556}") = "Memento", "Memento\Memento.csproj", "{262E991D-ADA4-4E0E-A409-964FAC8CC3BE}"
EndProject
Project("{2150E333-8FDC-42A3-9474-1A3956D46DE8}") = "05 - State", "05 - State", "{ED1986F5-97D7-41CD-93EA-1FD81CEE9BB1}"
EndProject
Project("{9A19103F-16F7-4668-BE54-9A1E7A4F7556}") = "State", "State\State.csproj", "{579B1461-F278-4EA2-9D5A-8BD0AF9767CF}"
EndProject
Project("{2150E333-8FDC-42A3-9474-1A3956D46DE8}") = "06- Strategy", "06- Strategy", "{7397DC6F-331F-442E-A7B7-00A6E67912B1}"
EndProject
Project("{9A19103F-16F7-4668-BE54-9A1E7A4F7556}") = "Strategy", "Strategy\Strategy.csproj", "{04E282A2-D4F6-4547-89B6-57B62C47FFA2}"
EndProject
Project("{2150E333-8FDC-42A3-9474-1A3956D46DE8}") = "07- BusinessDelegate", "07- BusinessDelegate", "{06353283-AF73-48CD-8913-48294B0925A4}"
EndProject
Project("{9A19103F-16F7-4668-BE54-9A1E7A4F7556}") = "BusinessDelegate", "BusinessDelegate\BusinessDelegate.csproj", "{BD519B45-7AC1-4E64-9493-D050A26ECCDE}"
EndProject
Project("{2150E333-8FDC-42A3-9474-1A3956D46DE8}") = "08- Observer", "08- Observer", "{39FFC5EA-B9A1-4C92-A2C4-C1E59054A602}"
EndProject
Project("{9A19103F-16F7-4668-BE54-9A1E7A4F7556}") = "Observer", "Observer\Observer.csproj", "{44AF2862-6FD8-479B-B66B-B6ED23145F76}"
EndProject
Project("{2150E333-8FDC-42A3-9474-1A3956D46DE8}") = "09- Mediator", "09- Mediator", "{B25A7497-0AFC-4C40-8BA0-E234D72443CA}"
EndProject
Project("{9A19103F-16F7-4668-BE54-9A1E7A4F7556}") = "Mediator", "Mediator\Mediator.csproj", "{E9C7E1C7-3EB0-4BBD-909D-F75090C5CCFE}"
EndProject
Project("{2150E333-8FDC-42A3-9474-1A3956D46DE8}") = "10- Iterator", "10- Iterator", "{344DA7DE-8FDF-4240-BFD1-7172ACAC50FF}"
EndProject
Project("{9A19103F-16F7-4668-BE54-9A1E7A4F7556}") = "Iterator", "Iterator\Iterator.csproj", "{58622ACB-5A75-4DE5-905D-83B4A1360A5B}"
EndProject
Project("{2150E333-8FDC-42A3-9474-1A3956D46DE8}") = "11- Interpreter", "11- Interpreter", "{0CDD7146-F387-4C35-808A-DA8C2C273CAF}"
EndProject
Project("{FAE04EC0-301F-11D3-BF4B-00C04F79EFBC}") = "Interpreter", "Interpreter\Interpreter.csproj", "{82B70217-C40A-4392-B12B-9CFD6F42BC23}"
EndProject
Global
	GlobalSection(SolutionConfigurationPlatforms) = preSolution
		Debug|Any CPU = Debug|Any CPU
		Release|Any CPU = Release|Any CPU
	EndGlobalSection
	GlobalSection(ProjectConfigurationPlatforms) = postSolution
		{A42AEE44-0FA6-4B89-8062-0F6CEB3B0F73}.Debug|Any CPU.ActiveCfg = Debug|Any CPU
		{A42AEE44-0FA6-4B89-8062-0F6CEB3B0F73}.Debug|Any CPU.Build.0 = Debug|Any CPU
		{A42AEE44-0FA6-4B89-8062-0F6CEB3B0F73}.Release|Any CPU.ActiveCfg = Release|Any CPU
		{A42AEE44-0FA6-4B89-8062-0F6CEB3B0F73}.Release|Any CPU.Build.0 = Release|Any CPU
		{FA5B81F8-0FD9-4295-B504-D496F4580796}.Debug|Any CPU.ActiveCfg = Debug|Any CPU
		{FA5B81F8-0FD9-4295-B504-D496F4580796}.Debug|Any CPU.Build.0 = Debug|Any CPU
		{FA5B81F8-0FD9-4295-B504-D496F4580796}.Release|Any CPU.ActiveCfg = Release|Any CPU
		{FA5B81F8-0FD9-4295-B504-D496F4580796}.Release|Any CPU.Build.0 = Release|Any CPU
		{BD2DD51B-84B9-43C9-AD22-79C9891E6C9D}.Debug|Any CPU.ActiveCfg = Debug|Any CPU
		{BD2DD51B-84B9-43C9-AD22-79C9891E6C9D}.Debug|Any CPU.Build.0 = Debug|Any CPU
		{BD2DD51B-84B9-43C9-AD22-79C9891E6C9D}.Release|Any CPU.ActiveCfg = Release|Any CPU
		{BD2DD51B-84B9-43C9-AD22-79C9891E6C9D}.Release|Any CPU.Build.0 = Release|Any CPU
		{6EB71E2B-6A54-48DA-9528-CF4E7A1981CF}.Debug|Any CPU.ActiveCfg = Debug|Any CPU
		{6EB71E2B-6A54-48DA-9528-CF4E7A1981CF}.Debug|Any CPU.Build.0 = Debug|Any CPU
		{6EB71E2B-6A54-48DA-9528-CF4E7A1981CF}.Release|Any CPU.ActiveCfg = Release|Any CPU
		{6EB71E2B-6A54-48DA-9528-CF4E7A1981CF}.Release|Any CPU.Build.0 = Release|Any CPU
		{98993934-799D-42BD-A0E4-0A6C0CAF3970}.Debug|Any CPU.ActiveCfg = Debug|Any CPU
		{98993934-799D-42BD-A0E4-0A6C0CAF3970}.Debug|Any CPU.Build.0 = Debug|Any CPU
		{98993934-799D-42BD-A0E4-0A6C0CAF3970}.Release|Any CPU.ActiveCfg = Release|Any CPU
		{98993934-799D-42BD-A0E4-0A6C0CAF3970}.Release|Any CPU.Build.0 = Release|Any CPU
		{C090FE42-00CC-45AB-B792-679EB2D2A08D}.Debug|Any CPU.ActiveCfg = Debug|Any CPU
		{C090FE42-00CC-45AB-B792-679EB2D2A08D}.Debug|Any CPU.Build.0 = Debug|Any CPU
		{C090FE42-00CC-45AB-B792-679EB2D2A08D}.Release|Any CPU.ActiveCfg = Release|Any CPU
		{C090FE42-00CC-45AB-B792-679EB2D2A08D}.Release|Any CPU.Build.0 = Release|Any CPU
		{625B1038-B3A9-449E-9B86-9F785F8A27A2}.Debug|Any CPU.ActiveCfg = Debug|Any CPU
		{625B1038-B3A9-449E-9B86-9F785F8A27A2}.Debug|Any CPU.Build.0 = Debug|Any CPU
		{625B1038-B3A9-449E-9B86-9F785F8A27A2}.Release|Any CPU.ActiveCfg = Release|Any CPU
		{625B1038-B3A9-449E-9B86-9F785F8A27A2}.Release|Any CPU.Build.0 = Release|Any CPU
		{8552804E-E4CC-4D74-8AF0-4785B0DC3DEF}.Debug|Any CPU.ActiveCfg = Debug|Any CPU
		{8552804E-E4CC-4D74-8AF0-4785B0DC3DEF}.Debug|Any CPU.Build.0 = Debug|Any CPU
		{8552804E-E4CC-4D74-8AF0-4785B0DC3DEF}.Release|Any CPU.ActiveCfg = Release|Any CPU
		{8552804E-E4CC-4D74-8AF0-4785B0DC3DEF}.Release|Any CPU.Build.0 = Release|Any CPU
		{03989079-D636-48B9-9B2C-78C8E35FEC50}.Debug|Any CPU.ActiveCfg = Debug|Any CPU
		{03989079-D636-48B9-9B2C-78C8E35FEC50}.Debug|Any CPU.Build.0 = Debug|Any CPU
		{03989079-D636-48B9-9B2C-78C8E35FEC50}.Release|Any CPU.ActiveCfg = Release|Any CPU
		{03989079-D636-48B9-9B2C-78C8E35FEC50}.Release|Any CPU.Build.0 = Release|Any CPU
		{2E3F782B-B9F1-434C-8A7E-61FFDD72EBDD}.Debug|Any CPU.ActiveCfg = Debug|Any CPU
		{2E3F782B-B9F1-434C-8A7E-61FFDD72EBDD}.Debug|Any CPU.Build.0 = Debug|Any CPU
		{2E3F782B-B9F1-434C-8A7E-61FFDD72EBDD}.Release|Any CPU.ActiveCfg = Release|Any CPU
		{2E3F782B-B9F1-434C-8A7E-61FFDD72EBDD}.Release|Any CPU.Build.0 = Release|Any CPU
		{BC609E00-290B-4582-B40D-62B0152BA5B7}.Debug|Any CPU.ActiveCfg = Debug|Any CPU
		{BC609E00-290B-4582-B40D-62B0152BA5B7}.Debug|Any CPU.Build.0 = Debug|Any CPU
		{BC609E00-290B-4582-B40D-62B0152BA5B7}.Release|Any CPU.ActiveCfg = Release|Any CPU
		{BC609E00-290B-4582-B40D-62B0152BA5B7}.Release|Any CPU.Build.0 = Release|Any CPU
		{30E22AC8-7FB0-4EF1-9326-6578E8AF01FF}.Debug|Any CPU.ActiveCfg = Debug|Any CPU
		{30E22AC8-7FB0-4EF1-9326-6578E8AF01FF}.Debug|Any CPU.Build.0 = Debug|Any CPU
		{30E22AC8-7FB0-4EF1-9326-6578E8AF01FF}.Release|Any CPU.ActiveCfg = Release|Any CPU
		{30E22AC8-7FB0-4EF1-9326-6578E8AF01FF}.Release|Any CPU.Build.0 = Release|Any CPU
		{283B9B5A-44BD-440A-8594-C36313D7F6F8}.Debug|Any CPU.ActiveCfg = Debug|Any CPU
		{283B9B5A-44BD-440A-8594-C36313D7F6F8}.Debug|Any CPU.Build.0 = Debug|Any CPU
		{283B9B5A-44BD-440A-8594-C36313D7F6F8}.Release|Any CPU.ActiveCfg = Release|Any CPU
		{283B9B5A-44BD-440A-8594-C36313D7F6F8}.Release|Any CPU.Build.0 = Release|Any CPU
		{262E991D-ADA4-4E0E-A409-964FAC8CC3BE}.Debug|Any CPU.ActiveCfg = Debug|Any CPU
		{262E991D-ADA4-4E0E-A409-964FAC8CC3BE}.Debug|Any CPU.Build.0 = Debug|Any CPU
		{262E991D-ADA4-4E0E-A409-964FAC8CC3BE}.Release|Any CPU.ActiveCfg = Release|Any CPU
		{262E991D-ADA4-4E0E-A409-964FAC8CC3BE}.Release|Any CPU.Build.0 = Release|Any CPU
		{579B1461-F278-4EA2-9D5A-8BD0AF9767CF}.Debug|Any CPU.ActiveCfg = Debug|Any CPU
		{579B1461-F278-4EA2-9D5A-8BD0AF9767CF}.Debug|Any CPU.Build.0 = Debug|Any CPU
		{579B1461-F278-4EA2-9D5A-8BD0AF9767CF}.Release|Any CPU.ActiveCfg = Release|Any CPU
		{579B1461-F278-4EA2-9D5A-8BD0AF9767CF}.Release|Any CPU.Build.0 = Release|Any CPU
		{04E282A2-D4F6-4547-89B6-57B62C47FFA2}.Debug|Any CPU.ActiveCfg = Debug|Any CPU
		{04E282A2-D4F6-4547-89B6-57B62C47FFA2}.Debug|Any CPU.Build.0 = Debug|Any CPU
		{04E282A2-D4F6-4547-89B6-57B62C47FFA2}.Release|Any CPU.ActiveCfg = Release|Any CPU
		{04E282A2-D4F6-4547-89B6-57B62C47FFA2}.Release|Any CPU.Build.0 = Release|Any CPU
		{BD519B45-7AC1-4E64-9493-D050A26ECCDE}.Debug|Any CPU.ActiveCfg = Debug|Any CPU
		{BD519B45-7AC1-4E64-9493-D050A26ECCDE}.Debug|Any CPU.Build.0 = Debug|Any CPU
		{BD519B45-7AC1-4E64-9493-D050A26ECCDE}.Release|Any CPU.ActiveCfg = Release|Any CPU
		{BD519B45-7AC1-4E64-9493-D050A26ECCDE}.Release|Any CPU.Build.0 = Release|Any CPU
		{44AF2862-6FD8-479B-B66B-B6ED23145F76}.Debug|Any CPU.ActiveCfg = Debug|Any CPU
		{44AF2862-6FD8-479B-B66B-B6ED23145F76}.Debug|Any CPU.Build.0 = Debug|Any CPU
		{44AF2862-6FD8-479B-B66B-B6ED23145F76}.Release|Any CPU.ActiveCfg = Release|Any CPU
		{44AF2862-6FD8-479B-B66B-B6ED23145F76}.Release|Any CPU.Build.0 = Release|Any CPU
		{E9C7E1C7-3EB0-4BBD-909D-F75090C5CCFE}.Debug|Any CPU.ActiveCfg = Debug|Any CPU
		{E9C7E1C7-3EB0-4BBD-909D-F75090C5CCFE}.Debug|Any CPU.Build.0 = Debug|Any CPU
		{E9C7E1C7-3EB0-4BBD-909D-F75090C5CCFE}.Release|Any CPU.ActiveCfg = Release|Any CPU
		{E9C7E1C7-3EB0-4BBD-909D-F75090C5CCFE}.Release|Any CPU.Build.0 = Release|Any CPU
		{58622ACB-5A75-4DE5-905D-83B4A1360A5B}.Debug|Any CPU.ActiveCfg = Debug|Any CPU
		{58622ACB-5A75-4DE5-905D-83B4A1360A5B}.Debug|Any CPU.Build.0 = Debug|Any CPU
		{58622ACB-5A75-4DE5-905D-83B4A1360A5B}.Release|Any CPU.ActiveCfg = Release|Any CPU
		{58622ACB-5A75-4DE5-905D-83B4A1360A5B}.Release|Any CPU.Build.0 = Release|Any CPU
		{82B70217-C40A-4392-B12B-9CFD6F42BC23}.Debug|Any CPU.ActiveCfg = Debug|Any CPU
		{82B70217-C40A-4392-B12B-9CFD6F42BC23}.Debug|Any CPU.Build.0 = Debug|Any CPU
		{82B70217-C40A-4392-B12B-9CFD6F42BC23}.Release|Any CPU.ActiveCfg = Release|Any CPU
		{82B70217-C40A-4392-B12B-9CFD6F42BC23}.Release|Any CPU.Build.0 = Release|Any CPU
	EndGlobalSection
	GlobalSection(SolutionProperties) = preSolution
		HideSolutionNode = FALSE
	EndGlobalSection
	GlobalSection(NestedProjects) = preSolution
		{A42AEE44-0FA6-4B89-8062-0F6CEB3B0F73} = {9D38B5CE-DF97-463E-8668-C466A9D828B6}
		{9D38B5CE-DF97-463E-8668-C466A9D828B6} = {350CD469-0F3F-44BC-9D5F-1C4B3FC687A0}
		{E31926F2-5954-41C6-854B-AB45A0B936DE} = {350CD469-0F3F-44BC-9D5F-1C4B3FC687A0}
		{FA5B81F8-0FD9-4295-B504-D496F4580796} = {E31926F2-5954-41C6-854B-AB45A0B936DE}
		{85E99BD6-9BE0-4024-ABD4-D458D4059621} = {350CD469-0F3F-44BC-9D5F-1C4B3FC687A0}
		{BD2DD51B-84B9-43C9-AD22-79C9891E6C9D} = {85E99BD6-9BE0-4024-ABD4-D458D4059621}
		{D75EAA16-23ED-455C-BC0A-33CD8453E3A6} = {350CD469-0F3F-44BC-9D5F-1C4B3FC687A0}
		{6EB71E2B-6A54-48DA-9528-CF4E7A1981CF} = {D75EAA16-23ED-455C-BC0A-33CD8453E3A6}
		{4EF889F8-D5FB-4F7B-87BA-17C5F68C560A} = {350CD469-0F3F-44BC-9D5F-1C4B3FC687A0}
		{98993934-799D-42BD-A0E4-0A6C0CAF3970} = {4EF889F8-D5FB-4F7B-87BA-17C5F68C560A}
		{17235ECE-9621-4823-8005-DB6E203B72FF} = {E7FB98E5-B812-4B2E-9FB7-D035C8CB632B}
		{C090FE42-00CC-45AB-B792-679EB2D2A08D} = {17235ECE-9621-4823-8005-DB6E203B72FF}
		{D3029234-FD39-47AA-BF3D-645BBE73F318} = {E7FB98E5-B812-4B2E-9FB7-D035C8CB632B}
		{625B1038-B3A9-449E-9B86-9F785F8A27A2} = {D3029234-FD39-47AA-BF3D-645BBE73F318}
		{56B70D82-F478-49DE-8626-FFD0AD048D85} = {E7FB98E5-B812-4B2E-9FB7-D035C8CB632B}
		{8552804E-E4CC-4D74-8AF0-4785B0DC3DEF} = {56B70D82-F478-49DE-8626-FFD0AD048D85}
		{3A305C1E-DFB5-4990-8EBA-8689CB6BF6E7} = {E7FB98E5-B812-4B2E-9FB7-D035C8CB632B}
		{03989079-D636-48B9-9B2C-78C8E35FEC50} = {3A305C1E-DFB5-4990-8EBA-8689CB6BF6E7}
		{16763234-5BBC-4F59-8A9A-6C224C1D38A2} = {E7FB98E5-B812-4B2E-9FB7-D035C8CB632B}
		{2E3F782B-B9F1-434C-8A7E-61FFDD72EBDD} = {16763234-5BBC-4F59-8A9A-6C224C1D38A2}
		{64F9ED64-7676-4CB3-8F24-D30C9A4A4713} = {487CDA71-1435-4F80-A768-CC6E265A0257}
		{BC609E00-290B-4582-B40D-62B0152BA5B7} = {64F9ED64-7676-4CB3-8F24-D30C9A4A4713}
		{7B1942EF-EE4F-4706-BB11-322DC0FB843C} = {487CDA71-1435-4F80-A768-CC6E265A0257}
		{30E22AC8-7FB0-4EF1-9326-6578E8AF01FF} = {7B1942EF-EE4F-4706-BB11-322DC0FB843C}
		{65A276F2-F75B-4710-B9D8-DFC04CEC7122} = {487CDA71-1435-4F80-A768-CC6E265A0257}
		{283B9B5A-44BD-440A-8594-C36313D7F6F8} = {65A276F2-F75B-4710-B9D8-DFC04CEC7122}
		{E55E2FA8-6E95-4B1D-8244-7372910C6262} = {487CDA71-1435-4F80-A768-CC6E265A0257}
		{262E991D-ADA4-4E0E-A409-964FAC8CC3BE} = {E55E2FA8-6E95-4B1D-8244-7372910C6262}
		{ED1986F5-97D7-41CD-93EA-1FD81CEE9BB1} = {487CDA71-1435-4F80-A768-CC6E265A0257}
		{579B1461-F278-4EA2-9D5A-8BD0AF9767CF} = {ED1986F5-97D7-41CD-93EA-1FD81CEE9BB1}
		{7397DC6F-331F-442E-A7B7-00A6E67912B1} = {487CDA71-1435-4F80-A768-CC6E265A0257}
		{04E282A2-D4F6-4547-89B6-57B62C47FFA2} = {7397DC6F-331F-442E-A7B7-00A6E67912B1}
		{06353283-AF73-48CD-8913-48294B0925A4} = {487CDA71-1435-4F80-A768-CC6E265A0257}
		{BD519B45-7AC1-4E64-9493-D050A26ECCDE} = {06353283-AF73-48CD-8913-48294B0925A4}
		{39FFC5EA-B9A1-4C92-A2C4-C1E59054A602} = {487CDA71-1435-4F80-A768-CC6E265A0257}
		{44AF2862-6FD8-479B-B66B-B6ED23145F76} = {39FFC5EA-B9A1-4C92-A2C4-C1E59054A602}
		{B25A7497-0AFC-4C40-8BA0-E234D72443CA} = {487CDA71-1435-4F80-A768-CC6E265A0257}
		{E9C7E1C7-3EB0-4BBD-909D-F75090C5CCFE} = {B25A7497-0AFC-4C40-8BA0-E234D72443CA}
		{344DA7DE-8FDF-4240-BFD1-7172ACAC50FF} = {487CDA71-1435-4F80-A768-CC6E265A0257}
		{58622ACB-5A75-4DE5-905D-83B4A1360A5B} = {344DA7DE-8FDF-4240-BFD1-7172ACAC50FF}
		{0CDD7146-F387-4C35-808A-DA8C2C273CAF} = {487CDA71-1435-4F80-A768-CC6E265A0257}
		{82B70217-C40A-4392-B12B-9CFD6F42BC23} = {0CDD7146-F387-4C35-808A-DA8C2C273CAF}
	EndGlobalSection
	GlobalSection(ExtensibilityGlobals) = postSolution
		SolutionGuid = {831E19AE-1E78-4FCB-B1B9-8C28A5CF3FB2}
	EndGlobalSection
EndGlobal
